
Microsoft Visual Studio Solution File, Format Version 12.00
# Visual Studio 2012
Project("{8BC9CEB8-8B4A-11D0-8D11-00A0C91BC942}") = "ConsoleApplication6", "ConsoleApplication6\ConsoleApplication6.vcxproj", "{E4752B61-656B-45AA-B82F-89DB0FD4C42F}"
EndProject
Global
	GlobalSection(SolutionConfigurationPlatforms) = preSolution
		Debug|Win32 = Debug|Win32
		Release|Win32 = Release|Win32
	EndGlobalSection
	GlobalSection(ProjectConfigurationPlatforms) = postSolution
		{E4752B61-656B-45AA-B82F-89DB0FD4C42F}.Debug|Win32.ActiveCfg = Debug|Win32
		{E4752B61-656B-45AA-B82F-89DB0FD4C42F}.Debug|Win32.Build.0 = Debug|Win32
		{E4752B61-656B-45AA-B82F-89DB0FD4C42F}.Release|Win32.ActiveCfg = Release|Win32
		{E4752B61-656B-45AA-B82F-89DB0FD4C42F}.Release|Win32.Build.0 = Release|Win32
	EndGlobalSection
	GlobalSection(SolutionProperties) = preSolution
		HideSolutionNode = FALSE
	EndGlobalSection
EndGlobal
